// !$*UTF8*$!
{
	archiveVersion = 1;
	classes = {
	};
	objectVersion = 60;
	objects = {

/* Begin PBXBuildFile section */
		1180FC4C2D9AE0610044CD7C /* AppDelegate.swift in Sources */ = {isa = PBXBuildFile; fileRef = 1180FC4B2D9AE0610044CD7C /* AppDelegate.swift */; };
		1180FC582D9AE0640044CD7C /* Base in Resources */ = {isa = PBXBuildFile; fileRef = 1180FC572D9AE0640044CD7C /* Base */; };
		1180FC632D9AE53A0044CD7C /* HomeViewController.swift in Sources */ = {isa = PBXBuildFile; fileRef = 1180FC622D9AE53A0044CD7C /* HomeViewController.swift */; };
		1180FC6A2DA733380044CD7C /* CurrencyCell.swift in Sources */ = {isa = PBXBuildFile; fileRef = 1180FC692DA733380044CD7C /* CurrencyCell.swift */; };
		1180FC6D2DBF0C180044CD7C /* CurrencyNetworkModel.swift in Sources */ = {isa = PBXBuildFile; fileRef = 1180FC6C2DBF0C180044CD7C /* CurrencyNetworkModel.swift */; };
		1180FC6F2DC88A590044CD7C /* HomeCollectionAdapter.swift in Sources */ = {isa = PBXBuildFile; fileRef = 1180FC6E2DC88A590044CD7C /* HomeCollectionAdapter.swift */; };
		119BE2CB2E7C952500039379 /* schema.graphqls in Resources */ = {isa = PBXBuildFile; fileRef = 119BE2CA2E7C952500039379 /* schema.graphqls */; };
		119BE2CD2E7C98B400039379 /* latestQuery.graphql in Resources */ = {isa = PBXBuildFile; fileRef = 119BE2CC2E7C98A200039379 /* latestQuery.graphql */; };
		119BE2E62E7CA43F00039379 /* Apollo in Frameworks */ = {isa = PBXBuildFile; productRef = 119BE2E52E7CA43F00039379 /* Apollo */; };
		119BE2E92E7CA6D600039379 /* SwopAPI in Frameworks */ = {isa = PBXBuildFile; productRef = 119BE2E82E7CA6D600039379 /* SwopAPI */; };
		11F78B1E2E79CBCC0073F0CD /* UICollectionView+register.swift in Sources */ = {isa = PBXBuildFile; fileRef = 11F78B1D2E79CBCB0073F0CD /* UICollectionView+register.swift */; };
		11F78B212E79CC100073F0CD /* Reusable.swift in Sources */ = {isa = PBXBuildFile; fileRef = 11F78B202E79CC0E0073F0CD /* Reusable.swift */; };
		11F78B242E79F2320073F0CD /* Colors.xcassets in Resources */ = {isa = PBXBuildFile; fileRef = 11F78B232E79F2320073F0CD /* Colors.xcassets */; };
		11F78B262E79F2440073F0CD /* Images.xcassets in Resources */ = {isa = PBXBuildFile; fileRef = 11F78B252E79F2440073F0CD /* Images.xcassets */; };
		11F78B282E79F5CF0073F0CD /* UIColor+AppColor.swift in Sources */ = {isa = PBXBuildFile; fileRef = 11F78B272E79F5C70073F0CD /* UIColor+AppColor.swift */; };
		11F78B2A2E79F7480073F0CD /* Configurable.swift in Sources */ = {isa = PBXBuildFile; fileRef = 11F78B292E79F7420073F0CD /* Configurable.swift */; };
		11F78B2E2E79F8740073F0CD /* CurrencyModel.swift in Sources */ = {isa = PBXBuildFile; fileRef = 11F78B2D2E79F86F0073F0CD /* CurrencyModel.swift */; };
		11F78B302E79FAEB0073F0CD /* String+Empty.swift in Sources */ = {isa = PBXBuildFile; fileRef = 11F78B2F2E79FAE50073F0CD /* String+Empty.swift */; };
		11F78B372E7AE3EB0073F0CD /* Coordinator.swift in Sources */ = {isa = PBXBuildFile; fileRef = 11F78B362E7AE3E50073F0CD /* Coordinator.swift */; };
		11F78B392E7AE4020073F0CD /* AppCoordinator.swift in Sources */ = {isa = PBXBuildFile; fileRef = 11F78B382E7AE3FE0073F0CD /* AppCoordinator.swift */; };
		11F78B3B2E7AE42B0073F0CD /* HomeCoordinator.swift in Sources */ = {isa = PBXBuildFile; fileRef = 11F78B3A2E7AE4270073F0CD /* HomeCoordinator.swift */; };
		11F78B3D2E7AE4500073F0CD /* HomeViewModel.swift in Sources */ = {isa = PBXBuildFile; fileRef = 11F78B3C2E7AE44D0073F0CD /* HomeViewModel.swift */; };
		11F78B402E7AE50D0073F0CD /* ViewModel.swift in Sources */ = {isa = PBXBuildFile; fileRef = 11F78B3F2E7AE50A0073F0CD /* ViewModel.swift */; };
		11F78B422E7AE51A0073F0CD /* ViewModelState.swift in Sources */ = {isa = PBXBuildFile; fileRef = 11F78B412E7AE5120073F0CD /* ViewModelState.swift */; };
		11F78B442E7B427C0073F0CD /* GradientView.swift in Sources */ = {isa = PBXBuildFile; fileRef = 11F78B432E7B42780073F0CD /* GradientView.swift */; };
		11F78B462E7B601D0073F0CD /* UIView+Shimmer.swift in Sources */ = {isa = PBXBuildFile; fileRef = 11F78B452E7B60160073F0CD /* UIView+Shimmer.swift */; };
		11F78B482E7B61990073F0CD /* SkeletonCell.swift in Sources */ = {isa = PBXBuildFile; fileRef = 11F78B472E7B618C0073F0CD /* SkeletonCell.swift */; };
		11F78B4A2E7C59C50073F0CD /* CollectionAdapter.swift in Sources */ = {isa = PBXBuildFile; fileRef = 11F78B492E7C59C10073F0CD /* CollectionAdapter.swift */; };
		11F78B4D2E7C85290073F0CD /* GraphQLService.swift in Sources */ = {isa = PBXBuildFile; fileRef = 11F78B4C2E7C85240073F0CD /* GraphQLService.swift */; };
/* End PBXBuildFile section */

/* Begin PBXFileReference section */
		1180FC482D9AE0610044CD7C /* FXViewer.app */ = {isa = PBXFileReference; explicitFileType = wrapper.application; includeInIndex = 0; path = FXViewer.app; sourceTree = BUILT_PRODUCTS_DIR; };
		1180FC4B2D9AE0610044CD7C /* AppDelegate.swift */ = {isa = PBXFileReference; lastKnownFileType = sourcecode.swift; path = AppDelegate.swift; sourceTree = "<group>"; };
		1180FC572D9AE0640044CD7C /* Base */ = {isa = PBXFileReference; lastKnownFileType = file.storyboard; name = Base; path = Base.lproj/LaunchScreen.storyboard; sourceTree = "<group>"; };
		1180FC592D9AE0640044CD7C /* Info.plist */ = {isa = PBXFileReference; lastKnownFileType = text.plist.xml; path = Info.plist; sourceTree = "<group>"; };
		1180FC622D9AE53A0044CD7C /* HomeViewController.swift */ = {isa = PBXFileReference; lastKnownFileType = sourcecode.swift; path = HomeViewController.swift; sourceTree = "<group>"; };
		1180FC692DA733380044CD7C /* CurrencyCell.swift */ = {isa = PBXFileReference; lastKnownFileType = sourcecode.swift; path = CurrencyCell.swift; sourceTree = "<group>"; };
		1180FC6C2DBF0C180044CD7C /* CurrencyNetworkModel.swift */ = {isa = PBXFileReference; lastKnownFileType = sourcecode.swift; path = CurrencyNetworkModel.swift; sourceTree = "<group>"; };
		1180FC6E2DC88A590044CD7C /* HomeCollectionAdapter.swift */ = {isa = PBXFileReference; lastKnownFileType = sourcecode.swift; path = HomeCollectionAdapter.swift; sourceTree = "<group>"; };
		119BE2CA2E7C952500039379 /* schema.graphqls */ = {isa = PBXFileReference; lastKnownFileType = text; path = schema.graphqls; sourceTree = "<group>"; };
		119BE2CC2E7C98A200039379 /* latestQuery.graphql */ = {isa = PBXFileReference; lastKnownFileType = text; path = latestQuery.graphql; sourceTree = "<group>"; };
		11F78B1D2E79CBCB0073F0CD /* UICollectionView+register.swift */ = {isa = PBXFileReference; lastKnownFileType = sourcecode.swift; path = "UICollectionView+register.swift"; sourceTree = "<group>"; };
		11F78B202E79CC0E0073F0CD /* Reusable.swift */ = {isa = PBXFileReference; lastKnownFileType = sourcecode.swift; path = Reusable.swift; sourceTree = "<group>"; };
		11F78B232E79F2320073F0CD /* Colors.xcassets */ = {isa = PBXFileReference; lastKnownFileType = folder.assetcatalog; path = Colors.xcassets; sourceTree = "<group>"; };
		11F78B252E79F2440073F0CD /* Images.xcassets */ = {isa = PBXFileReference; lastKnownFileType = folder.assetcatalog; path = Images.xcassets; sourceTree = "<group>"; };
		11F78B272E79F5C70073F0CD /* UIColor+AppColor.swift */ = {isa = PBXFileReference; lastKnownFileType = sourcecode.swift; path = "UIColor+AppColor.swift"; sourceTree = "<group>"; };
		11F78B292E79F7420073F0CD /* Configurable.swift */ = {isa = PBXFileReference; lastKnownFileType = sourcecode.swift; path = Configurable.swift; sourceTree = "<group>"; };
		11F78B2D2E79F86F0073F0CD /* CurrencyModel.swift */ = {isa = PBXFileReference; lastKnownFileType = sourcecode.swift; path = CurrencyModel.swift; sourceTree = "<group>"; };
		11F78B2F2E79FAE50073F0CD /* String+Empty.swift */ = {isa = PBXFileReference; lastKnownFileType = sourcecode.swift; path = "String+Empty.swift"; sourceTree = "<group>"; };
		11F78B362E7AE3E50073F0CD /* Coordinator.swift */ = {isa = PBXFileReference; lastKnownFileType = sourcecode.swift; path = Coordinator.swift; sourceTree = "<group>"; };
		11F78B382E7AE3FE0073F0CD /* AppCoordinator.swift */ = {isa = PBXFileReference; lastKnownFileType = sourcecode.swift; path = AppCoordinator.swift; sourceTree = "<group>"; };
		11F78B3A2E7AE4270073F0CD /* HomeCoordinator.swift */ = {isa = PBXFileReference; lastKnownFileType = sourcecode.swift; path = HomeCoordinator.swift; sourceTree = "<group>"; };
		11F78B3C2E7AE44D0073F0CD /* HomeViewModel.swift */ = {isa = PBXFileReference; lastKnownFileType = sourcecode.swift; path = HomeViewModel.swift; sourceTree = "<group>"; };
		11F78B3F2E7AE50A0073F0CD /* ViewModel.swift */ = {isa = PBXFileReference; lastKnownFileType = sourcecode.swift; path = ViewModel.swift; sourceTree = "<group>"; };
		11F78B412E7AE5120073F0CD /* ViewModelState.swift */ = {isa = PBXFileReference; lastKnownFileType = sourcecode.swift; path = ViewModelState.swift; sourceTree = "<group>"; };
		11F78B432E7B42780073F0CD /* GradientView.swift */ = {isa = PBXFileReference; lastKnownFileType = sourcecode.swift; path = GradientView.swift; sourceTree = "<group>"; };
		11F78B452E7B60160073F0CD /* UIView+Shimmer.swift */ = {isa = PBXFileReference; lastKnownFileType = sourcecode.swift; path = "UIView+Shimmer.swift"; sourceTree = "<group>"; };
		11F78B472E7B618C0073F0CD /* SkeletonCell.swift */ = {isa = PBXFileReference; lastKnownFileType = sourcecode.swift; path = SkeletonCell.swift; sourceTree = "<group>"; };
		11F78B492E7C59C10073F0CD /* CollectionAdapter.swift */ = {isa = PBXFileReference; lastKnownFileType = sourcecode.swift; path = CollectionAdapter.swift; sourceTree = "<group>"; };
		11F78B4C2E7C85240073F0CD /* GraphQLService.swift */ = {isa = PBXFileReference; lastKnownFileType = sourcecode.swift; path = GraphQLService.swift; sourceTree = "<group>"; };
/* End PBXFileReference section */

/* Begin PBXFrameworksBuildPhase section */
		1180FC452D9AE0610044CD7C /* Frameworks */ = {
			isa = PBXFrameworksBuildPhase;
			buildActionMask = 2147483647;
			files = (
				119BE2E92E7CA6D600039379 /* SwopAPI in Frameworks */,
				119BE2E62E7CA43F00039379 /* Apollo in Frameworks */,
			);
			runOnlyForDeploymentPostprocessing = 0;
		};
/* End PBXFrameworksBuildPhase section */

/* Begin PBXGroup section */
		1180FC3F2D9AE0610044CD7C = {
			isa = PBXGroup;
			children = (
				1180FC4A2D9AE0610044CD7C /* FXViewer */,
				1180FC492D9AE0610044CD7C /* Products */,
			);
			sourceTree = "<group>";
		};
		1180FC492D9AE0610044CD7C /* Products */ = {
			isa = PBXGroup;
			children = (
				1180FC482D9AE0610044CD7C /* FXViewer.app */,
			);
			name = Products;
			sourceTree = "<group>";
		};
		1180FC4A2D9AE0610044CD7C /* FXViewer */ = {
			isa = PBXGroup;
			children = (
				119BE2C92E7C928900039379 /* GraphQL */,
				11F78B4B2E7C75BB0073F0CD /* Network */,
				11F78B3E2E7AE5030073F0CD /* Base */,
				11F78B312E7AE3A30073F0CD /* Navigation */,
				11F78B222E79F2050073F0CD /* Resources */,
				11F78B1F2E79CC080073F0CD /* Tools */,
				11F78B1C2E79CBC30073F0CD /* Extensions */,
				1180FC6B2DBF0C000044CD7C /* Models */,
				1180FC602D9AE4F30044CD7C /* Modules */,
				1180FC4B2D9AE0610044CD7C /* AppDelegate.swift */,
				1180FC562D9AE0640044CD7C /* LaunchScreen.storyboard */,
				1180FC592D9AE0640044CD7C /* Info.plist */,
			);
			path = FXViewer;
			sourceTree = "<group>";
		};
		1180FC5F2D9AE4E70044CD7C /* Home */ = {
			isa = PBXGroup;
			children = (
				11F78B3C2E7AE44D0073F0CD /* HomeViewModel.swift */,
				11F78B3A2E7AE4270073F0CD /* HomeCoordinator.swift */,
				11F78B2B2E79F7D80073F0CD /* New Group */,
				1180FC642D9AE9100044CD7C /* Cell */,
				1180FC622D9AE53A0044CD7C /* HomeViewController.swift */,
				1180FC6E2DC88A590044CD7C /* HomeCollectionAdapter.swift */,
			);
			path = Home;
			sourceTree = "<group>";
		};
		1180FC602D9AE4F30044CD7C /* Modules */ = {
			isa = PBXGroup;
			children = (
				11F78B2C2E79F85B0073F0CD /* Models */,
				1180FC612D9AE4FF0044CD7C /* Favorites */,
				1180FC5F2D9AE4E70044CD7C /* Home */,
			);
			path = Modules;
			sourceTree = "<group>";
		};
		1180FC612D9AE4FF0044CD7C /* Favorites */ = {
			isa = PBXGroup;
			children = (
			);
			path = Favorites;
			sourceTree = "<group>";
		};
		1180FC642D9AE9100044CD7C /* Cell */ = {
			isa = PBXGroup;
			children = (
				11F78B472E7B618C0073F0CD /* SkeletonCell.swift */,
				1180FC692DA733380044CD7C /* CurrencyCell.swift */,
			);
			path = Cell;
			sourceTree = "<group>";
		};
		1180FC6B2DBF0C000044CD7C /* Models */ = {
			isa = PBXGroup;
			children = (
				1180FC6C2DBF0C180044CD7C /* CurrencyNetworkModel.swift */,
			);
			path = Models;
			sourceTree = "<group>";
		};
		119BE2C92E7C928900039379 /* GraphQL */ = {
			isa = PBXGroup;
			children = (
				119BE2CC2E7C98A200039379 /* latestQuery.graphql */,
				119BE2CA2E7C952500039379 /* schema.graphqls */,
			);
			path = GraphQL;
			sourceTree = "<group>";
		};
		11F78B1C2E79CBC30073F0CD /* Extensions */ = {
			isa = PBXGroup;
			children = (
				11F78B452E7B60160073F0CD /* UIView+Shimmer.swift */,
				11F78B2F2E79FAE50073F0CD /* String+Empty.swift */,
				11F78B272E79F5C70073F0CD /* UIColor+AppColor.swift */,
				11F78B1D2E79CBCB0073F0CD /* UICollectionView+register.swift */,
			);
			path = Extensions;
			sourceTree = "<group>";
		};
		11F78B1F2E79CC080073F0CD /* Tools */ = {
			isa = PBXGroup;
			children = (
				11F78B432E7B42780073F0CD /* GradientView.swift */,
				11F78B292E79F7420073F0CD /* Configurable.swift */,
				11F78B202E79CC0E0073F0CD /* Reusable.swift */,
			);
			path = Tools;
			sourceTree = "<group>";
		};
		11F78B222E79F2050073F0CD /* Resources */ = {
			isa = PBXGroup;
			children = (
				11F78B232E79F2320073F0CD /* Colors.xcassets */,
				11F78B252E79F2440073F0CD /* Images.xcassets */,
			);
			path = Resources;
			sourceTree = "<group>";
		};
		11F78B2B2E79F7D80073F0CD /* New Group */ = {
			isa = PBXGroup;
			children = (
			);
			path = "New Group";
			sourceTree = "<group>";
		};
		11F78B2C2E79F85B0073F0CD /* Models */ = {
			isa = PBXGroup;
			children = (
				11F78B2D2E79F86F0073F0CD /* CurrencyModel.swift */,
			);
			path = Models;
			sourceTree = "<group>";
		};
		11F78B312E7AE3A30073F0CD /* Navigation */ = {
			isa = PBXGroup;
			children = (
				11F78B382E7AE3FE0073F0CD /* AppCoordinator.swift */,
				11F78B362E7AE3E50073F0CD /* Coordinator.swift */,
			);
			path = Navigation;
			sourceTree = "<group>";
		};
		11F78B3E2E7AE5030073F0CD /* Base */ = {
			isa = PBXGroup;
			children = (
				11F78B492E7C59C10073F0CD /* CollectionAdapter.swift */,
				11F78B412E7AE5120073F0CD /* ViewModelState.swift */,
				11F78B3F2E7AE50A0073F0CD /* ViewModel.swift */,
			);
			path = Base;
			sourceTree = "<group>";
		};
		11F78B4B2E7C75BB0073F0CD /* Network */ = {
			isa = PBXGroup;
			children = (
				11F78B4C2E7C85240073F0CD /* GraphQLService.swift */,
			);
			path = Network;
			sourceTree = "<group>";
		};
/* End PBXGroup section */

/* Begin PBXNativeTarget section */
		1180FC472D9AE0610044CD7C /* FXViewer */ = {
			isa = PBXNativeTarget;
			buildConfigurationList = 1180FC5C2D9AE0640044CD7C /* Build configuration list for PBXNativeTarget "FXViewer" */;
			buildPhases = (
				1180FC442D9AE0610044CD7C /* Sources */,
				1180FC452D9AE0610044CD7C /* Frameworks */,
				1180FC462D9AE0610044CD7C /* Resources */,
			);
			buildRules = (
			);
			dependencies = (
			);
			name = FXViewer;
			productName = FXViewer;
			productReference = 1180FC482D9AE0610044CD7C /* FXViewer.app */;
			productType = "com.apple.product-type.application";
		};
/* End PBXNativeTarget section */

/* Begin PBXProject section */
		1180FC402D9AE0610044CD7C /* Project object */ = {
			isa = PBXProject;
			attributes = {
				BuildIndependentTargetsInParallel = 1;
				LastSwiftUpdateCheck = 1540;
				LastUpgradeCheck = 1540;
				TargetAttributes = {
					1180FC472D9AE0610044CD7C = {
						CreatedOnToolsVersion = 15.4;
					};
				};
			};
			buildConfigurationList = 1180FC432D9AE0610044CD7C /* Build configuration list for PBXProject "FXViewer" */;
			compatibilityVersion = "Xcode 14.0";
			developmentRegion = en;
			hasScannedForEncodings = 0;
			knownRegions = (
				en,
				Base,
			);
			mainGroup = 1180FC3F2D9AE0610044CD7C;
			packageReferences = (
				119BE2E42E7CA43F00039379 /* XCRemoteSwiftPackageReference "apollo-ios" */,
				119BE2E72E7CA6D600039379 /* XCLocalSwiftPackageReference "SwopAPI" */,
			);
			productRefGroup = 1180FC492D9AE0610044CD7C /* Products */;
			projectDirPath = "";
			projectRoot = "";
			targets = (
				1180FC472D9AE0610044CD7C /* FXViewer */,
			);
		};
/* End PBXProject section */

/* Begin PBXResourcesBuildPhase section */
		1180FC462D9AE0610044CD7C /* Resources */ = {
			isa = PBXResourcesBuildPhase;
			buildActionMask = 2147483647;
			files = (
				119BE2CB2E7C952500039379 /* schema.graphqls in Resources */,
				119BE2CD2E7C98B400039379 /* latestQuery.graphql in Resources */,
				11F78B242E79F2320073F0CD /* Colors.xcassets in Resources */,
				11F78B262E79F2440073F0CD /* Images.xcassets in Resources */,
				1180FC582D9AE0640044CD7C /* Base in Resources */,
			);
			runOnlyForDeploymentPostprocessing = 0;
		};
/* End PBXResourcesBuildPhase section */

/* Begin PBXSourcesBuildPhase section */
		1180FC442D9AE0610044CD7C /* Sources */ = {
			isa = PBXSourcesBuildPhase;
			buildActionMask = 2147483647;
			files = (
				11F78B2E2E79F8740073F0CD /* CurrencyModel.swift in Sources */,
				1180FC6F2DC88A590044CD7C /* HomeCollectionAdapter.swift in Sources */,
				11F78B422E7AE51A0073F0CD /* ViewModelState.swift in Sources */,
				11F78B392E7AE4020073F0CD /* AppCoordinator.swift in Sources */,
				11F78B302E79FAEB0073F0CD /* String+Empty.swift in Sources */,
				1180FC4C2D9AE0610044CD7C /* AppDelegate.swift in Sources */,
				11F78B3B2E7AE42B0073F0CD /* HomeCoordinator.swift in Sources */,
				11F78B4D2E7C85290073F0CD /* GraphQLService.swift in Sources */,
				11F78B402E7AE50D0073F0CD /* ViewModel.swift in Sources */,
				11F78B442E7B427C0073F0CD /* GradientView.swift in Sources */,
				1180FC632D9AE53A0044CD7C /* HomeViewController.swift in Sources */,
				11F78B1E2E79CBCC0073F0CD /* UICollectionView+register.swift in Sources */,
				1180FC6D2DBF0C180044CD7C /* CurrencyNetworkModel.swift in Sources */,
				11F78B282E79F5CF0073F0CD /* UIColor+AppColor.swift in Sources */,
				11F78B4A2E7C59C50073F0CD /* CollectionAdapter.swift in Sources */,
				11F78B372E7AE3EB0073F0CD /* Coordinator.swift in Sources */,
				11F78B462E7B601D0073F0CD /* UIView+Shimmer.swift in Sources */,
				11F78B2A2E79F7480073F0CD /* Configurable.swift in Sources */,
				1180FC6A2DA733380044CD7C /* CurrencyCell.swift in Sources */,
				11F78B482E7B61990073F0CD /* SkeletonCell.swift in Sources */,
				11F78B3D2E7AE4500073F0CD /* HomeViewModel.swift in Sources */,
				11F78B212E79CC100073F0CD /* Reusable.swift in Sources */,
			);
			runOnlyForDeploymentPostprocessing = 0;
		};
/* End PBXSourcesBuildPhase section */

/* Begin PBXVariantGroup section */
		1180FC562D9AE0640044CD7C /* LaunchScreen.storyboard */ = {
			isa = PBXVariantGroup;
			children = (
				1180FC572D9AE0640044CD7C /* Base */,
			);
			name = LaunchScreen.storyboard;
			sourceTree = "<group>";
		};
/* End PBXVariantGroup section */

/* Begin XCBuildConfiguration section */
		1180FC5A2D9AE0640044CD7C /* Debug */ = {
			isa = XCBuildConfiguration;
			buildSettings = {
				ALWAYS_SEARCH_USER_PATHS = NO;
				ASSETCATALOG_COMPILER_GENERATE_SWIFT_ASSET_SYMBOL_EXTENSIONS = YES;
				CLANG_ANALYZER_NONNULL = YES;
				CLANG_ANALYZER_NUMBER_OBJECT_CONVERSION = YES_AGGRESSIVE;
				CLANG_CXX_LANGUAGE_STANDARD = "gnu++20";
				CLANG_ENABLE_MODULES = YES;
				CLANG_ENABLE_OBJC_ARC = YES;
				CLANG_ENABLE_OBJC_WEAK = YES;
				CLANG_WARN_BLOCK_CAPTURE_AUTORELEASING = YES;
				CLANG_WARN_BOOL_CONVERSION = YES;
				CLANG_WARN_COMMA = YES;
				CLANG_WARN_CONSTANT_CONVERSION = YES;
				CLANG_WARN_DEPRECATED_OBJC_IMPLEMENTATIONS = YES;
				CLANG_WARN_DIRECT_OBJC_ISA_USAGE = YES_ERROR;
				CLANG_WARN_DOCUMENTATION_COMMENTS = YES;
				CLANG_WARN_EMPTY_BODY = YES;
				CLANG_WARN_ENUM_CONVERSION = YES;
				CLANG_WARN_INFINITE_RECURSION = YES;
				CLANG_WARN_INT_CONVERSION = YES;
				CLANG_WARN_NON_LITERAL_NULL_CONVERSION = YES;
				CLANG_WARN_OBJC_IMPLICIT_RETAIN_SELF = YES;
				CLANG_WARN_OBJC_LITERAL_CONVERSION = YES;
				CLANG_WARN_OBJC_ROOT_CLASS = YES_ERROR;
				CLANG_WARN_QUOTED_INCLUDE_IN_FRAMEWORK_HEADER = YES;
				CLANG_WARN_RANGE_LOOP_ANALYSIS = YES;
				CLANG_WARN_STRICT_PROTOTYPES = YES;
				CLANG_WARN_SUSPICIOUS_MOVE = YES;
				CLANG_WARN_UNGUARDED_AVAILABILITY = YES_AGGRESSIVE;
				CLANG_WARN_UNREACHABLE_CODE = YES;
				CLANG_WARN__DUPLICATE_METHOD_MATCH = YES;
				COPY_PHASE_STRIP = NO;
				DEBUG_INFORMATION_FORMAT = dwarf;
				ENABLE_STRICT_OBJC_MSGSEND = YES;
				ENABLE_TESTABILITY = YES;
				ENABLE_USER_SCRIPT_SANDBOXING = YES;
				GCC_C_LANGUAGE_STANDARD = gnu17;
				GCC_DYNAMIC_NO_PIC = NO;
				GCC_NO_COMMON_BLOCKS = YES;
				GCC_OPTIMIZATION_LEVEL = 0;
				GCC_PREPROCESSOR_DEFINITIONS = (
					"DEBUG=1",
					"$(inherited)",
				);
				GCC_WARN_64_TO_32_BIT_CONVERSION = YES;
				GCC_WARN_ABOUT_RETURN_TYPE = YES_ERROR;
				GCC_WARN_UNDECLARED_SELECTOR = YES;
				GCC_WARN_UNINITIALIZED_AUTOS = YES_AGGRESSIVE;
				GCC_WARN_UNUSED_FUNCTION = YES;
				GCC_WARN_UNUSED_VARIABLE = YES;
				IPHONEOS_DEPLOYMENT_TARGET = 17.5;
				LOCALIZATION_PREFERS_STRING_CATALOGS = YES;
				MTL_ENABLE_DEBUG_INFO = INCLUDE_SOURCE;
				MTL_FAST_MATH = YES;
				ONLY_ACTIVE_ARCH = YES;
				SDKROOT = iphoneos;
				SWIFT_ACTIVE_COMPILATION_CONDITIONS = "DEBUG $(inherited)";
				SWIFT_OPTIMIZATION_LEVEL = "-Onone";
			};
			name = Debug;
		};
		1180FC5B2D9AE0640044CD7C /* Release */ = {
			isa = XCBuildConfiguration;
			buildSettings = {
				ALWAYS_SEARCH_USER_PATHS = NO;
				ASSETCATALOG_COMPILER_GENERATE_SWIFT_ASSET_SYMBOL_EXTENSIONS = YES;
				CLANG_ANALYZER_NONNULL = YES;
				CLANG_ANALYZER_NUMBER_OBJECT_CONVERSION = YES_AGGRESSIVE;
				CLANG_CXX_LANGUAGE_STANDARD = "gnu++20";
				CLANG_ENABLE_MODULES = YES;
				CLANG_ENABLE_OBJC_ARC = YES;
				CLANG_ENABLE_OBJC_WEAK = YES;
				CLANG_WARN_BLOCK_CAPTURE_AUTORELEASING = YES;
				CLANG_WARN_BOOL_CONVERSION = YES;
				CLANG_WARN_COMMA = YES;
				CLANG_WARN_CONSTANT_CONVERSION = YES;
				CLANG_WARN_DEPRECATED_OBJC_IMPLEMENTATIONS = YES;
				CLANG_WARN_DIRECT_OBJC_ISA_USAGE = YES_ERROR;
				CLANG_WARN_DOCUMENTATION_COMMENTS = YES;
				CLANG_WARN_EMPTY_BODY = YES;
				CLANG_WARN_ENUM_CONVERSION = YES;
				CLANG_WARN_INFINITE_RECURSION = YES;
				CLANG_WARN_INT_CONVERSION = YES;
				CLANG_WARN_NON_LITERAL_NULL_CONVERSION = YES;
				CLANG_WARN_OBJC_IMPLICIT_RETAIN_SELF = YES;
				CLANG_WARN_OBJC_LITERAL_CONVERSION = YES;
				CLANG_WARN_OBJC_ROOT_CLASS = YES_ERROR;
				CLANG_WARN_QUOTED_INCLUDE_IN_FRAMEWORK_HEADER = YES;
				CLANG_WARN_RANGE_LOOP_ANALYSIS = YES;
				CLANG_WARN_STRICT_PROTOTYPES = YES;
				CLANG_WARN_SUSPICIOUS_MOVE = YES;
				CLANG_WARN_UNGUARDED_AVAILABILITY = YES_AGGRESSIVE;
				CLANG_WARN_UNREACHABLE_CODE = YES;
				CLANG_WARN__DUPLICATE_METHOD_MATCH = YES;
				COPY_PHASE_STRIP = NO;
				DEBUG_INFORMATION_FORMAT = "dwarf-with-dsym";
				ENABLE_NS_ASSERTIONS = NO;
				ENABLE_STRICT_OBJC_MSGSEND = YES;
				ENABLE_USER_SCRIPT_SANDBOXING = YES;
				GCC_C_LANGUAGE_STANDARD = gnu17;
				GCC_NO_COMMON_BLOCKS = YES;
				GCC_WARN_64_TO_32_BIT_CONVERSION = YES;
				GCC_WARN_ABOUT_RETURN_TYPE = YES_ERROR;
				GCC_WARN_UNDECLARED_SELECTOR = YES;
				GCC_WARN_UNINITIALIZED_AUTOS = YES_AGGRESSIVE;
				GCC_WARN_UNUSED_FUNCTION = YES;
				GCC_WARN_UNUSED_VARIABLE = YES;
				IPHONEOS_DEPLOYMENT_TARGET = 17.5;
				LOCALIZATION_PREFERS_STRING_CATALOGS = YES;
				MTL_ENABLE_DEBUG_INFO = NO;
				MTL_FAST_MATH = YES;
				SDKROOT = iphoneos;
				SWIFT_COMPILATION_MODE = wholemodule;
				VALIDATE_PRODUCT = YES;
			};
			name = Release;
		};
		1180FC5D2D9AE0640044CD7C /* Debug */ = {
			isa = XCBuildConfiguration;
			buildSettings = {
				ASSETCATALOG_COMPILER_APPICON_NAME = AppIcon;
				ASSETCATALOG_COMPILER_GLOBAL_ACCENT_COLOR_NAME = AccentColor;
				CODE_SIGN_STYLE = Automatic;
				CURRENT_PROJECT_VERSION = 1;
				DEVELOPMENT_TEAM = Q56VS4BVK4;
				GENERATE_INFOPLIST_FILE = YES;
				INFOPLIST_FILE = FXViewer/Info.plist;
				INFOPLIST_KEY_UIApplicationSupportsIndirectInputEvents = YES;
				INFOPLIST_KEY_UILaunchStoryboardName = LaunchScreen;
				INFOPLIST_KEY_UIMainStoryboardFile = "";
				INFOPLIST_KEY_UISupportedInterfaceOrientations = UIInterfaceOrientationPortrait;
				LD_RUNPATH_SEARCH_PATHS = (
					"$(inherited)",
					"@executable_path/Frameworks",
				);
				MARKETING_VERSION = 1.0;
				PRODUCT_BUNDLE_IDENTIFIER = com.iosnik.FXViewer;
				PRODUCT_NAME = "$(TARGET_NAME)";
				SWIFT_EMIT_LOC_STRINGS = YES;
				SWIFT_VERSION = 5.0;
				TARGETED_DEVICE_FAMILY = "1,2";
			};
			name = Debug;
		};
		1180FC5E2D9AE0640044CD7C /* Release */ = {
			isa = XCBuildConfiguration;
			buildSettings = {
				ASSETCATALOG_COMPILER_APPICON_NAME = AppIcon;
				ASSETCATALOG_COMPILER_GLOBAL_ACCENT_COLOR_NAME = AccentColor;
				CODE_SIGN_STYLE = Automatic;
				CURRENT_PROJECT_VERSION = 1;
				DEVELOPMENT_TEAM = Q56VS4BVK4;
				GENERATE_INFOPLIST_FILE = YES;
				INFOPLIST_FILE = FXViewer/Info.plist;
				INFOPLIST_KEY_UIApplicationSupportsIndirectInputEvents = YES;
				INFOPLIST_KEY_UILaunchStoryboardName = LaunchScreen;
				INFOPLIST_KEY_UIMainStoryboardFile = "";
				INFOPLIST_KEY_UISupportedInterfaceOrientations = UIInterfaceOrientationPortrait;
				LD_RUNPATH_SEARCH_PATHS = (
					"$(inherited)",
					"@executable_path/Frameworks",
				);
				MARKETING_VERSION = 1.0;
				PRODUCT_BUNDLE_IDENTIFIER = com.iosnik.FXViewer;
				PRODUCT_NAME = "$(TARGET_NAME)";
				SWIFT_EMIT_LOC_STRINGS = YES;
				SWIFT_VERSION = 5.0;
				TARGETED_DEVICE_FAMILY = "1,2";
			};
			name = Release;
		};
/* End XCBuildConfiguration section */

/* Begin XCConfigurationList section */
		1180FC432D9AE0610044CD7C /* Build configuration list for PBXProject "FXViewer" */ = {
			isa = XCConfigurationList;
			buildConfigurations = (
				1180FC5A2D9AE0640044CD7C /* Debug */,
				1180FC5B2D9AE0640044CD7C /* Release */,
			);
			defaultConfigurationIsVisible = 0;
			defaultConfigurationName = Release;
		};
		1180FC5C2D9AE0640044CD7C /* Build configuration list for PBXNativeTarget "FXViewer" */ = {
			isa = XCConfigurationList;
			buildConfigurations = (
				1180FC5D2D9AE0640044CD7C /* Debug */,
				1180FC5E2D9AE0640044CD7C /* Release */,
			);
			defaultConfigurationIsVisible = 0;
			defaultConfigurationName = Release;
		};
/* End XCConfigurationList section */

/* Begin XCLocalSwiftPackageReference section */
		119BE2E72E7CA6D600039379 /* XCLocalSwiftPackageReference "SwopAPI" */ = {
			isa = XCLocalSwiftPackageReference;
			relativePath = SwopAPI;
		};
/* End XCLocalSwiftPackageReference section */

/* Begin XCRemoteSwiftPackageReference section */
		119BE2E42E7CA43F00039379 /* XCRemoteSwiftPackageReference "apollo-ios" */ = {
			isa = XCRemoteSwiftPackageReference;
			repositoryURL = "https://github.com/apollographql/apollo-ios.git";
			requirement = {
				kind = upToNextMajorVersion;
				minimumVersion = 1.23.0;
			};
		};
/* End XCRemoteSwiftPackageReference section */

/* Begin XCSwiftPackageProductDependency section */
		119BE2E52E7CA43F00039379 /* Apollo */ = {
			isa = XCSwiftPackageProductDependency;
			package = 119BE2E42E7CA43F00039379 /* XCRemoteSwiftPackageReference "apollo-ios" */;
			productName = Apollo;
		};
		119BE2E82E7CA6D600039379 /* SwopAPI */ = {
			isa = XCSwiftPackageProductDependency;
			productName = SwopAPI;
		};
/* End XCSwiftPackageProductDependency section */
	};
	rootObject = 1180FC402D9AE0610044CD7C /* Project object */;
}
